<?xml version="1.0" encoding="utf-8"?>
<Project ToolsVersion="4.0" xmlns="http://schemas.microsoft.com/developer/msbuild/2003">
  <ItemGroup>
    <Filter Include="소스 파일">
      <UniqueIdentifier>{4FC737F1-C7A5-4376-A066-2A32D752A2FF}</UniqueIdentifier>
      <Extensions>cpp;c;cc;cxx;c++;cppm;ixx;def;odl;idl;hpj;bat;asm;asmx</Extensions>
    </Filter>
    <Filter Include="헤더 파일">
      <UniqueIdentifier>{93995380-89BD-4b04-88EB-625FBE52EBFB}</UniqueIdentifier>
      <Extensions>h;hh;hpp;hxx;h++;hm;inl;inc;ipp;xsd</Extensions>
    </Filter>
    <Filter Include="리소스 파일">
      <UniqueIdentifier>{67DA6AB6-F800-4c08-8B7A-83BB121AAD01}</UniqueIdentifier>
      <Extensions>rc;ico;cur;bmp;dlg;rc2;rct;bin;rgs;gif;jpg;jpeg;jpe;resx;tiff;tif;png;wav;mfcribbon-ms</Extensions>
    </Filter>
  </ItemGroup>
  <ItemGroup>
    <ClCompile Include="001 문자열 출력.c">
      <Filter>소스 파일</Filter>
    </ClCompile>
    <ClCompile Include="002 변수와 대입문.c">
      <Filter>소스 파일</Filter>
    </ClCompile>
    <ClCompile Include="003 변수와 대입문 %28실습%29.c">
      <Filter>소스 파일</Filter>
    </ClCompile>
    <ClCompile Include="000 단축키 및 깃허브">
      <Filter>소스 파일</Filter>
    </ClCompile>
    <ClCompile Include="004 If문.c">
      <Filter>소스 파일</Filter>
    </ClCompile>
    <ClCompile Include="005 if문 %28실습%29.c">
      <Filter>소스 파일</Filter>
    </ClCompile>
    <ClCompile Include="006 if문 II 단순반복.c">
      <Filter>소스 파일</Filter>
    </ClCompile>
    <ClCompile Include="007 if문 II 단순반복 (실습).c">
      <Filter>소스 파일</Filter>
    </ClCompile>
    <ClCompile Include="Cat &amp;&amp; Soup Void.c">
      <Filter>소스 파일</Filter>
    </ClCompile>
    <ClCompile Include="Cat &amp;&amp; Soup.c">
      <Filter>소스 파일</Filter>
    </ClCompile>
    <ClCompile Include="008 문자 입출력 switch문.c">
      <Filter>소스 파일</Filter>
    </ClCompile>
    <ClCompile Include="009 문자 입출력 switch문 (실습).c">
      <Filter>소스 파일</Filter>
    </ClCompile>
    <ClCompile Include="012. printf%28%29 응용 및 배열 소개.c">
      <Filter>소스 파일</Filter>
    </ClCompile>
    <ClCompile Include="010. 문자의 표현 문자열 입출력.c">
      <Filter>소스 파일</Filter>
    </ClCompile>
    <ClCompile Include="011. 문자의 표현 문자열 입출력 (실습).c">
      <Filter>소스 파일</Filter>
    </ClCompile>
    <ClCompile Include="013. 함수와 전역변수 Part1.c">
      <Filter>소스 파일</Filter>
    </ClCompile>
    <ClCompile Include="014 중간고사 연습.c">
      <Filter>소스 파일</Filter>
    </ClCompile>
    <ClCompile Include="015. 중간고사 풀이.c">
      <Filter>소스 파일</Filter>
    </ClCompile>
    <ClCompile Include="016. for문.c">
      <Filter>소스 파일</Filter>
    </ClCompile>
    <ClCompile Include="017. for문 (실습).c">
      <Filter>소스 파일</Filter>
    </ClCompile>
  </ItemGroup>
</Project>